
Microsoft Visual Studio Solution File, Format Version 12.00
# Visual Studio Version 16
VisualStudioVersion = 16.0.29102.190
MinimumVisualStudioVersion = 10.0.40219.1
Project("{9A19103F-16F7-4668-BE54-9A1E7A4F7556}") = "Mohmd.AspNetCore.PortableResolver", "Source\Mohmd.AspNetCore.PortableResolver.csproj", "{9C02D4BD-8807-4EC7-A66F-2A2328BE6D12}"
EndProject
Project("{9A19103F-16F7-4668-BE54-9A1E7A4F7556}") = "Mohmd.AspNetCore.PortableResolver.Sample", "Example\Mohmd.AspNetCore.PortableResolver.Sample.csproj", "{747E6D35-C587-4E07-BE25-D1C1B2D86DAB}"
EndProject
Global
	GlobalSection(SolutionConfigurationPlatforms) = preSolution
		Debug|Any CPU = Debug|Any CPU
		Release|Any CPU = Release|Any CPU
	EndGlobalSection
	GlobalSection(ProjectConfigurationPlatforms) = postSolution
		{9C02D4BD-8807-4EC7-A66F-2A2328BE6D12}.Debug|Any CPU.ActiveCfg = Debug|Any CPU
		{9C02D4BD-8807-4EC7-A66F-2A2328BE6D12}.Debug|Any CPU.Build.0 = Debug|Any CPU
		{9C02D4BD-8807-4EC7-A66F-2A2328BE6D12}.Release|Any CPU.ActiveCfg = Release|Any CPU
		{9C02D4BD-8807-4EC7-A66F-2A2328BE6D12}.Release|Any CPU.Build.0 = Release|Any CPU
		{747E6D35-C587-4E07-BE25-D1C1B2D86DAB}.Debug|Any CPU.ActiveCfg = Debug|Any CPU
		{747E6D35-C587-4E07-BE25-D1C1B2D86DAB}.Debug|Any CPU.Build.0 = Debug|Any CPU
		{747E6D35-C587-4E07-BE25-D1C1B2D86DAB}.Release|Any CPU.ActiveCfg = Release|Any CPU
		{747E6D35-C587-4E07-BE25-D1C1B2D86DAB}.Release|Any CPU.Build.0 = Release|Any CPU
	EndGlobalSection
	GlobalSection(SolutionProperties) = preSolution
		HideSolutionNode = FALSE
	EndGlobalSection
	GlobalSection(ExtensibilityGlobals) = postSolution
		SolutionGuid = {F7C5FE5F-771A-407B-91FE-D1060BEED8FC}
	EndGlobalSection
EndGlobal
